
Microsoft Visual Studio Solution File, Format Version 12.00
# Visual Studio Version 17
VisualStudioVersion = 17.5.002.0
MinimumVisualStudioVersion = 10.0.40219.1
Project("{9A19103F-16F7-4668-BE54-9A1E7A4F7556}") = "regex", "regex.csproj", "{06C7804A-5A06-46E3-8CB8-60ED18A44DDD}"
EndProject
Global
	GlobalSection(SolutionConfigurationPlatforms) = preSolution
		Debug|Any CPU = Debug|Any CPU
		Release|Any CPU = Release|Any CPU
	EndGlobalSection
	GlobalSection(ProjectConfigurationPlatforms) = postSolution
		{06C7804A-5A06-46E3-8CB8-60ED18A44DDD}.Debug|Any CPU.ActiveCfg = Debug|Any CPU
		{06C7804A-5A06-46E3-8CB8-60ED18A44DDD}.Debug|Any CPU.Build.0 = Debug|Any CPU
		{06C7804A-5A06-46E3-8CB8-60ED18A44DDD}.Release|Any CPU.ActiveCfg = Release|Any CPU
		{06C7804A-5A06-46E3-8CB8-60ED18A44DDD}.Release|Any CPU.Build.0 = Release|Any CPU
	EndGlobalSection
	GlobalSection(SolutionProperties) = preSolution
		HideSolutionNode = FALSE
	EndGlobalSection
	GlobalSection(ExtensibilityGlobals) = postSolution
		SolutionGuid = {0E61E531-A594-451A-B664-3CA5A32536BC}
	EndGlobalSection
EndGlobal
